{
    "_readme": [
        "This file locks the dependencies of your project to a known state",
        "Read more about it at https://getcomposer.org/doc/01-basic-usage.md#installing-dependencies",
        "This file is @generated automatically"
    ],
    "content-hash": "13b07f87d791da0fc05dbb4f58f1440a",
    "packages": [
        {
            "name": "jacksonsr45/radiante-php",
            "version": "dev-master",
            "source": {
                "type": "git",
                "url": "https://github.com/jacksonsr451/radiante-php.git",
                "reference": "f6f760577e8fd07bdf1a58d79a7d96ee56298fa7"
            },
            "dist": {
                "type": "zip",
                "url": "https://api.github.com/repos/jacksonsr451/radiante-php/zipball/f6f760577e8fd07bdf1a58d79a7d96ee56298fa7",
                "reference": "f6f760577e8fd07bdf1a58d79a7d96ee56298fa7",
                "shasum": ""
            },
            "default-branch": true,
            "type": "library",
            "autoload": {
                "psr-4": {
                    "Jacksonsr45\\": "src/"
                }
            },
            "notification-url": "https://packagist.org/downloads/",
            "license": [
                "MIT"
            ],
            "authors": [
                {
                    "name": "jacksonsr45",
                    "email": "jackson.severino.rocha@escola.pr.gov.br"
                }
            ],
            "description": "This is a simple microframework in PHP",
            "support": {
                "issues": "https://github.com/jacksonsr451/radiante-php/issues",
                "source": "https://github.com/jacksonsr451/radiante-php/tree/master"
            },
            "time": "2023-07-18T22:48:20+00:00"
        }
    ],
    "packages-dev": [],
    "aliases": [],
    "minimum-stability": "dev",
    "stability-flags": {
        "jacksonsr45/radiante-php": 20
    },
    "prefer-stable": false,
    "prefer-lowest": false,
    "platform": [],
    "platform-dev": [],
    "plugin-api-version": "2.3.0"
}
